
Microsoft Visual Studio Solution File, Format Version 11.00
# Visual Studio 2010
Project("{FAE04EC0-301F-11D3-BF4B-00C04F79EFBC}") = "Breakthrough", "Breakthrough\Breakthrough.csproj", "{5DDD4D29-0A55-4261-B3E0-5E8B5F2BF4ED}"
EndProject
Project("{FAE04EC0-301F-11D3-BF4B-00C04F79EFBC}") = "Board", "Board\Board.csproj", "{879B89BD-4A41-4418-AF6A-8A7036E209E6}"
EndProject
Project("{FAE04EC0-301F-11D3-BF4B-00C04F79EFBC}") = "Piece", "Piece\Piece.csproj", "{EE4542AC-DAC6-4218-8A2F-1501D1DC8E8E}"
EndProject
Global
	GlobalSection(SolutionConfigurationPlatforms) = preSolution
		Debug|Any CPU = Debug|Any CPU
		Debug|Mixed Platforms = Debug|Mixed Platforms
		Debug|x86 = Debug|x86
		Release|Any CPU = Release|Any CPU
		Release|Mixed Platforms = Release|Mixed Platforms
		Release|x86 = Release|x86
	EndGlobalSection
	GlobalSection(ProjectConfigurationPlatforms) = postSolution
		{5DDD4D29-0A55-4261-B3E0-5E8B5F2BF4ED}.Debug|Any CPU.ActiveCfg = Debug|x86
		{5DDD4D29-0A55-4261-B3E0-5E8B5F2BF4ED}.Debug|Mixed Platforms.ActiveCfg = Debug|x86
		{5DDD4D29-0A55-4261-B3E0-5E8B5F2BF4ED}.Debug|Mixed Platforms.Build.0 = Debug|x86
		{5DDD4D29-0A55-4261-B3E0-5E8B5F2BF4ED}.Debug|x86.ActiveCfg = Debug|x86
		{5DDD4D29-0A55-4261-B3E0-5E8B5F2BF4ED}.Debug|x86.Build.0 = Debug|x86
		{5DDD4D29-0A55-4261-B3E0-5E8B5F2BF4ED}.Release|Any CPU.ActiveCfg = Release|x86
		{5DDD4D29-0A55-4261-B3E0-5E8B5F2BF4ED}.Release|Mixed Platforms.ActiveCfg = Release|x86
		{5DDD4D29-0A55-4261-B3E0-5E8B5F2BF4ED}.Release|Mixed Platforms.Build.0 = Release|x86
		{5DDD4D29-0A55-4261-B3E0-5E8B5F2BF4ED}.Release|x86.ActiveCfg = Release|x86
		{5DDD4D29-0A55-4261-B3E0-5E8B5F2BF4ED}.Release|x86.Build.0 = Release|x86
		{879B89BD-4A41-4418-AF6A-8A7036E209E6}.Debug|Any CPU.ActiveCfg = Debug|Any CPU
		{879B89BD-4A41-4418-AF6A-8A7036E209E6}.Debug|Any CPU.Build.0 = Debug|Any CPU
		{879B89BD-4A41-4418-AF6A-8A7036E209E6}.Debug|Mixed Platforms.ActiveCfg = Debug|Any CPU
		{879B89BD-4A41-4418-AF6A-8A7036E209E6}.Debug|Mixed Platforms.Build.0 = Debug|Any CPU
		{879B89BD-4A41-4418-AF6A-8A7036E209E6}.Debug|x86.ActiveCfg = Debug|Any CPU
		{879B89BD-4A41-4418-AF6A-8A7036E209E6}.Release|Any CPU.ActiveCfg = Release|Any CPU
		{879B89BD-4A41-4418-AF6A-8A7036E209E6}.Release|Any CPU.Build.0 = Release|Any CPU
		{879B89BD-4A41-4418-AF6A-8A7036E209E6}.Release|Mixed Platforms.ActiveCfg = Release|Any CPU
		{879B89BD-4A41-4418-AF6A-8A7036E209E6}.Release|Mixed Platforms.Build.0 = Release|Any CPU
		{879B89BD-4A41-4418-AF6A-8A7036E209E6}.Release|x86.ActiveCfg = Release|Any CPU
		{EE4542AC-DAC6-4218-8A2F-1501D1DC8E8E}.Debug|Any CPU.ActiveCfg = Debug|Any CPU
		{EE4542AC-DAC6-4218-8A2F-1501D1DC8E8E}.Debug|Any CPU.Build.0 = Debug|Any CPU
		{EE4542AC-DAC6-4218-8A2F-1501D1DC8E8E}.Debug|Mixed Platforms.ActiveCfg = Debug|Any CPU
		{EE4542AC-DAC6-4218-8A2F-1501D1DC8E8E}.Debug|Mixed Platforms.Build.0 = Debug|Any CPU
		{EE4542AC-DAC6-4218-8A2F-1501D1DC8E8E}.Debug|x86.ActiveCfg = Debug|Any CPU
		{EE4542AC-DAC6-4218-8A2F-1501D1DC8E8E}.Release|Any CPU.ActiveCfg = Release|Any CPU
		{EE4542AC-DAC6-4218-8A2F-1501D1DC8E8E}.Release|Any CPU.Build.0 = Release|Any CPU
		{EE4542AC-DAC6-4218-8A2F-1501D1DC8E8E}.Release|Mixed Platforms.ActiveCfg = Release|Any CPU
		{EE4542AC-DAC6-4218-8A2F-1501D1DC8E8E}.Release|Mixed Platforms.Build.0 = Release|Any CPU
		{EE4542AC-DAC6-4218-8A2F-1501D1DC8E8E}.Release|x86.ActiveCfg = Release|Any CPU
	EndGlobalSection
	GlobalSection(SolutionProperties) = preSolution
		HideSolutionNode = FALSE
	EndGlobalSection
EndGlobal
